// !$*UTF8*$!
{
	archiveVersion = 1;
	classes = {
	};
	objectVersion = 46;
	objects = {

/* Begin PBXBuildFile section */
		4E8674541D899E2B0059012C /* main.m in Sources */ = {isa = PBXBuildFile; fileRef = 4E8674531D899E2B0059012C /* main.m */; };
		4E8674571D899E2B0059012C /* AppDelegate.m in Sources */ = {isa = PBXBuildFile; fileRef = 4E8674561D899E2B0059012C /* AppDelegate.m */; };
		4E86745F1D899E2B0059012C /* Assets.xcassets in Resources */ = {isa = PBXBuildFile; fileRef = 4E86745E1D899E2B0059012C /* Assets.xcassets */; };
		4E8674621D899E2B0059012C /* LaunchScreen.storyboard in Resources */ = {isa = PBXBuildFile; fileRef = 4E8674601D899E2B0059012C /* LaunchScreen.storyboard */; };
		4E8674B31D89AC6D0059012C /* SYHomeController.m in Sources */ = {isa = PBXBuildFile; fileRef = 4E8674A31D89AC6D0059012C /* SYHomeController.m */; };
		4E8674B61D89AC7E0059012C /* SYLiveController.m in Sources */ = {isa = PBXBuildFile; fileRef = 4E8674B51D89AC7E0059012C /* SYLiveController.m */; };
		4E8674B91D89AC940059012C /* SYProdfileController.m in Sources */ = {isa = PBXBuildFile; fileRef = 4E8674B81D89AC940059012C /* SYProdfileController.m */; };
		4E8674BC1D89ACA60059012C /* SYFollowController.m in Sources */ = {isa = PBXBuildFile; fileRef = 4E8674BB1D89ACA60059012C /* SYFollowController.m */; };
		4E8674BF1D89AD480059012C /* SYMainController.m in Sources */ = {isa = PBXBuildFile; fileRef = 4E8674BE1D89AD480059012C /* SYMainController.m */; };
		4E8674C21D89AF270059012C /* SYNavigationViewController.m in Sources */ = {isa = PBXBuildFile; fileRef = 4E8674C11D89AF270059012C /* SYNavigationViewController.m */; };
/* End PBXBuildFile section */

/* Begin PBXFileReference section */
		4E86744F1D899E2B0059012C /* 仿写斗鱼直播.app */ = {isa = PBXFileReference; explicitFileType = wrapper.application; includeInIndex = 0; path = "仿写斗鱼直播.app"; sourceTree = BUILT_PRODUCTS_DIR; };
		4E8674531D899E2B0059012C /* main.m */ = {isa = PBXFileReference; lastKnownFileType = sourcecode.c.objc; path = main.m; sourceTree = "<group>"; };
		4E8674551D899E2B0059012C /* AppDelegate.h */ = {isa = PBXFileReference; lastKnownFileType = sourcecode.c.h; path = AppDelegate.h; sourceTree = "<group>"; };
		4E8674561D899E2B0059012C /* AppDelegate.m */ = {isa = PBXFileReference; lastKnownFileType = sourcecode.c.objc; path = AppDelegate.m; sourceTree = "<group>"; };
		4E86745E1D899E2B0059012C /* Assets.xcassets */ = {isa = PBXFileReference; lastKnownFileType = folder.assetcatalog; path = Assets.xcassets; sourceTree = "<group>"; };
		4E8674611D899E2B0059012C /* Base */ = {isa = PBXFileReference; lastKnownFileType = file.storyboard; name = Base; path = Base.lproj/LaunchScreen.storyboard; sourceTree = "<group>"; };
		4E8674631D899E2B0059012C /* Info.plist */ = {isa = PBXFileReference; lastKnownFileType = text.plist.xml; path = Info.plist; sourceTree = "<group>"; };
		4E8674A21D89AC6D0059012C /* SYHomeController.h */ = {isa = PBXFileReference; fileEncoding = 4; lastKnownFileType = sourcecode.c.h; path = SYHomeController.h; sourceTree = "<group>"; };
		4E8674A31D89AC6D0059012C /* SYHomeController.m */ = {isa = PBXFileReference; fileEncoding = 4; lastKnownFileType = sourcecode.c.objc; path = SYHomeController.m; sourceTree = "<group>"; };
		4E8674B41D89AC7E0059012C /* SYLiveController.h */ = {isa = PBXFileReference; fileEncoding = 4; lastKnownFileType = sourcecode.c.h; path = SYLiveController.h; sourceTree = "<group>"; };
		4E8674B51D89AC7E0059012C /* SYLiveController.m */ = {isa = PBXFileReference; fileEncoding = 4; lastKnownFileType = sourcecode.c.objc; path = SYLiveController.m; sourceTree = "<group>"; };
		4E8674B71D89AC940059012C /* SYProdfileController.h */ = {isa = PBXFileReference; fileEncoding = 4; lastKnownFileType = sourcecode.c.h; path = SYProdfileController.h; sourceTree = "<group>"; };
		4E8674B81D89AC940059012C /* SYProdfileController.m */ = {isa = PBXFileReference; fileEncoding = 4; lastKnownFileType = sourcecode.c.objc; path = SYProdfileController.m; sourceTree = "<group>"; };
		4E8674BA1D89ACA60059012C /* SYFollowController.h */ = {isa = PBXFileReference; fileEncoding = 4; lastKnownFileType = sourcecode.c.h; path = SYFollowController.h; sourceTree = "<group>"; };
		4E8674BB1D89ACA60059012C /* SYFollowController.m */ = {isa = PBXFileReference; fileEncoding = 4; lastKnownFileType = sourcecode.c.objc; path = SYFollowController.m; sourceTree = "<group>"; };
		4E8674BD1D89AD480059012C /* SYMainController.h */ = {isa = PBXFileReference; fileEncoding = 4; lastKnownFileType = sourcecode.c.h; path = SYMainController.h; sourceTree = "<group>"; };
		4E8674BE1D89AD480059012C /* SYMainController.m */ = {isa = PBXFileReference; fileEncoding = 4; lastKnownFileType = sourcecode.c.objc; path = SYMainController.m; sourceTree = "<group>"; };
		4E8674C01D89AF270059012C /* SYNavigationViewController.h */ = {isa = PBXFileReference; fileEncoding = 4; lastKnownFileType = sourcecode.c.h; path = SYNavigationViewController.h; sourceTree = "<group>"; };
		4E8674C11D89AF270059012C /* SYNavigationViewController.m */ = {isa = PBXFileReference; fileEncoding = 4; lastKnownFileType = sourcecode.c.objc; path = SYNavigationViewController.m; sourceTree = "<group>"; };
/* End PBXFileReference section */

/* Begin PBXFrameworksBuildPhase section */
		4E86744C1D899E2B0059012C /* Frameworks */ = {
			isa = PBXFrameworksBuildPhase;
			buildActionMask = 2147483647;
			files = (
			);
			runOnlyForDeploymentPostprocessing = 0;
		};
/* End PBXFrameworksBuildPhase section */

/* Begin PBXGroup section */
		4E8674461D899E2B0059012C = {
			isa = PBXGroup;
			children = (
				4E8674511D899E2B0059012C /* 仿写斗鱼直播 */,
				4E8674501D899E2B0059012C /* Products */,
			);
			sourceTree = "<group>";
		};
		4E8674501D899E2B0059012C /* Products */ = {
			isa = PBXGroup;
			children = (
				4E86744F1D899E2B0059012C /* 仿写斗鱼直播.app */,
			);
			name = Products;
			sourceTree = "<group>";
		};
		4E8674511D899E2B0059012C /* 仿写斗鱼直播 */ = {
			isa = PBXGroup;
			children = (
				4E86749B1D89AC6D0059012C /* Class */,
				4E8674551D899E2B0059012C /* AppDelegate.h */,
				4E8674561D899E2B0059012C /* AppDelegate.m */,
				4E86745E1D899E2B0059012C /* Assets.xcassets */,
				4E8674601D899E2B0059012C /* LaunchScreen.storyboard */,
				4E8674631D899E2B0059012C /* Info.plist */,
				4E8674521D899E2B0059012C /* Supporting Files */,
			);
			path = "仿写斗鱼直播";
			sourceTree = "<group>";
		};
		4E8674521D899E2B0059012C /* Supporting Files */ = {
			isa = PBXGroup;
			children = (
				4E8674531D899E2B0059012C /* main.m */,
			);
			name = "Supporting Files";
			sourceTree = "<group>";
		};
		4E86749B1D89AC6D0059012C /* Class */ = {
			isa = PBXGroup;
			children = (
				4E86749C1D89AC6D0059012C /* Follow */,
				4E8674A01D89AC6D0059012C /* Home */,
				4E8674A61D89AC6D0059012C /* Live */,
				4E8674AA1D89AC6D0059012C /* Main */,
				4E8674AE1D89AC6D0059012C /* Profile */,
				4E8674B21D89AC6D0059012C /* Tools */,
			);
			path = Class;
			sourceTree = "<group>";
		};
		4E86749C1D89AC6D0059012C /* Follow */ = {
			isa = PBXGroup;
			children = (
				4E86749D1D89AC6D0059012C /* Controller */,
				4E86749E1D89AC6D0059012C /* Model */,
				4E86749F1D89AC6D0059012C /* View */,
			);
			path = Follow;
			sourceTree = "<group>";
		};
		4E86749D1D89AC6D0059012C /* Controller */ = {
			isa = PBXGroup;
			children = (
				4E8674BA1D89ACA60059012C /* SYFollowController.h */,
				4E8674BB1D89ACA60059012C /* SYFollowController.m */,
			);
			path = Controller;
			sourceTree = "<group>";
		};
		4E86749E1D89AC6D0059012C /* Model */ = {
			isa = PBXGroup;
			children = (
			);
			path = Model;
			sourceTree = "<group>";
		};
		4E86749F1D89AC6D0059012C /* View */ = {
			isa = PBXGroup;
			children = (
			);
			path = View;
			sourceTree = "<group>";
		};
		4E8674A01D89AC6D0059012C /* Home */ = {
			isa = PBXGroup;
			children = (
				4E8674A11D89AC6D0059012C /* Controller */,
				4E8674A41D89AC6D0059012C /* Model */,
				4E8674A51D89AC6D0059012C /* View */,
			);
			path = Home;
			sourceTree = "<group>";
		};
		4E8674A11D89AC6D0059012C /* Controller */ = {
			isa = PBXGroup;
			children = (
				4E8674A21D89AC6D0059012C /* SYHomeController.h */,
				4E8674A31D89AC6D0059012C /* SYHomeController.m */,
			);
			path = Controller;
			sourceTree = "<group>";
		};
		4E8674A41D89AC6D0059012C /* Model */ = {
			isa = PBXGroup;
			children = (
			);
			path = Model;
			sourceTree = "<group>";
		};
		4E8674A51D89AC6D0059012C /* View */ = {
			isa = PBXGroup;
			children = (
			);
			path = View;
			sourceTree = "<group>";
		};
		4E8674A61D89AC6D0059012C /* Live */ = {
			isa = PBXGroup;
			children = (
				4E8674A71D89AC6D0059012C /* Controller */,
				4E8674A81D89AC6D0059012C /* Model */,
				4E8674A91D89AC6D0059012C /* View */,
			);
			path = Live;
			sourceTree = "<group>";
		};
		4E8674A71D89AC6D0059012C /* Controller */ = {
			isa = PBXGroup;
			children = (
				4E8674B41D89AC7E0059012C /* SYLiveController.h */,
				4E8674B51D89AC7E0059012C /* SYLiveController.m */,
			);
			path = Controller;
			sourceTree = "<group>";
		};
		4E8674A81D89AC6D0059012C /* Model */ = {
			isa = PBXGroup;
			children = (
			);
			path = Model;
			sourceTree = "<group>";
		};
		4E8674A91D89AC6D0059012C /* View */ = {
			isa = PBXGroup;
			children = (
			);
			path = View;
			sourceTree = "<group>";
		};
		4E8674AA1D89AC6D0059012C /* Main */ = {
			isa = PBXGroup;
			children = (
				4E8674AB1D89AC6D0059012C /* Controller */,
				4E8674AC1D89AC6D0059012C /* Model */,
				4E8674AD1D89AC6D0059012C /* View */,
			);
			path = Main;
			sourceTree = "<group>";
		};
		4E8674AB1D89AC6D0059012C /* Controller */ = {
			isa = PBXGroup;
			children = (
				4E8674BD1D89AD480059012C /* SYMainController.h */,
				4E8674BE1D89AD480059012C /* SYMainController.m */,
				4E8674C01D89AF270059012C /* SYNavigationViewController.h */,
				4E8674C11D89AF270059012C /* SYNavigationViewController.m */,
			);
			path = Controller;
			sourceTree = "<group>";
		};
		4E8674AC1D89AC6D0059012C /* Model */ = {
			isa = PBXGroup;
			children = (
			);
			path = Model;
			sourceTree = "<group>";
		};
		4E8674AD1D89AC6D0059012C /* View */ = {
			isa = PBXGroup;
			children = (
			);
			path = View;
			sourceTree = "<group>";
		};
		4E8674AE1D89AC6D0059012C /* Profile */ = {
			isa = PBXGroup;
			children = (
				4E8674AF1D89AC6D0059012C /* Controller */,
				4E8674B01D89AC6D0059012C /* Model */,
				4E8674B11D89AC6D0059012C /* View */,
			);
			path = Profile;
			sourceTree = "<group>";
		};
		4E8674AF1D89AC6D0059012C /* Controller */ = {
			isa = PBXGroup;
			children = (
				4E8674B71D89AC940059012C /* SYProdfileController.h */,
				4E8674B81D89AC940059012C /* SYProdfileController.m */,
			);
			path = Controller;
			sourceTree = "<group>";
		};
		4E8674B01D89AC6D0059012C /* Model */ = {
			isa = PBXGroup;
			children = (
			);
			path = Model;
			sourceTree = "<group>";
		};
		4E8674B11D89AC6D0059012C /* View */ = {
			isa = PBXGroup;
			children = (
			);
			path = View;
			sourceTree = "<group>";
		};
		4E8674B21D89AC6D0059012C /* Tools */ = {
			isa = PBXGroup;
			children = (
			);
			path = Tools;
			sourceTree = "<group>";
		};
/* End PBXGroup section */

/* Begin PBXNativeTarget section */
		4E86744E1D899E2B0059012C /* 仿写斗鱼直播 */ = {
			isa = PBXNativeTarget;
			buildConfigurationList = 4E8674661D899E2B0059012C /* Build configuration list for PBXNativeTarget "仿写斗鱼直播" */;
			buildPhases = (
				4E86744B1D899E2B0059012C /* Sources */,
				4E86744C1D899E2B0059012C /* Frameworks */,
				4E86744D1D899E2B0059012C /* Resources */,
			);
			buildRules = (
			);
			dependencies = (
			);
			name = "仿写斗鱼直播";
			productName = "仿写斗鱼直播";
			productReference = 4E86744F1D899E2B0059012C /* 仿写斗鱼直播.app */;
			productType = "com.apple.product-type.application";
		};
/* End PBXNativeTarget section */

/* Begin PBXProject section */
		4E8674471D899E2B0059012C /* Project object */ = {
			isa = PBXProject;
			attributes = {
				LastUpgradeCheck = 0720;
				ORGANIZATIONNAME = "码农界四爷__King";
				TargetAttributes = {
					4E86744E1D899E2B0059012C = {
						CreatedOnToolsVersion = 7.2;
						DevelopmentTeam = Z3QP7Q8V3A;
					};
				};
			};
			buildConfigurationList = 4E86744A1D899E2B0059012C /* Build configuration list for PBXProject "仿写斗鱼直播" */;
			compatibilityVersion = "Xcode 3.2";
			developmentRegion = English;
			hasScannedForEncodings = 0;
			knownRegions = (
				en,
				Base,
			);
			mainGroup = 4E8674461D899E2B0059012C;
			productRefGroup = 4E8674501D899E2B0059012C /* Products */;
			projectDirPath = "";
			projectRoot = "";
			targets = (
				4E86744E1D899E2B0059012C /* 仿写斗鱼直播 */,
			);
		};
/* End PBXProject section */

/* Begin PBXResourcesBuildPhase section */
		4E86744D1D899E2B0059012C /* Resources */ = {
			isa = PBXResourcesBuildPhase;
			buildActionMask = 2147483647;
			files = (
				4E8674621D899E2B0059012C /* LaunchScreen.storyboard in Resources */,
				4E86745F1D899E2B0059012C /* Assets.xcassets in Resources */,
			);
			runOnlyForDeploymentPostprocessing = 0;
		};
/* End PBXResourcesBuildPhase section */

/* Begin PBXSourcesBuildPhase section */
		4E86744B1D899E2B0059012C /* Sources */ = {
			isa = PBXSourcesBuildPhase;
			buildActionMask = 2147483647;
			files = (
				4E8674BC1D89ACA60059012C /* SYFollowController.m in Sources */,
				4E8674571D899E2B0059012C /* AppDelegate.m in Sources */,
				4E8674C21D89AF270059012C /* SYNavigationViewController.m in Sources */,
				4E8674B91D89AC940059012C /* SYProdfileController.m in Sources */,
				4E8674B61D89AC7E0059012C /* SYLiveController.m in Sources */,
				4E8674541D899E2B0059012C /* main.m in Sources */,
				4E8674B31D89AC6D0059012C /* SYHomeController.m in Sources */,
				4E8674BF1D89AD480059012C /* SYMainController.m in Sources */,
			);
			runOnlyForDeploymentPostprocessing = 0;
		};
/* End PBXSourcesBuildPhase section */

/* Begin PBXVariantGroup section */
		4E8674601D899E2B0059012C /* LaunchScreen.storyboard */ = {
			isa = PBXVariantGroup;
			children = (
				4E8674611D899E2B0059012C /* Base */,
			);
			name = LaunchScreen.storyboard;
			sourceTree = "<group>";
		};
/* End PBXVariantGroup section */

/* Begin XCBuildConfiguration section */
		4E8674641D899E2B0059012C /* Debug */ = {
			isa = XCBuildConfiguration;
			buildSettings = {
				ALWAYS_SEARCH_USER_PATHS = NO;
				CLANG_CXX_LANGUAGE_STANDARD = "gnu++0x";
				CLANG_CXX_LIBRARY = "libc++";
				CLANG_ENABLE_MODULES = YES;
				CLANG_ENABLE_OBJC_ARC = YES;
				CLANG_WARN_BOOL_CONVERSION = YES;
				CLANG_WARN_CONSTANT_CONVERSION = YES;
				CLANG_WARN_DIRECT_OBJC_ISA_USAGE = YES_ERROR;
				CLANG_WARN_EMPTY_BODY = YES;
				CLANG_WARN_ENUM_CONVERSION = YES;
				CLANG_WARN_INT_CONVERSION = YES;
				CLANG_WARN_OBJC_ROOT_CLASS = YES_ERROR;
				CLANG_WARN_UNREACHABLE_CODE = YES;
				CLANG_WARN__DUPLICATE_METHOD_MATCH = YES;
				"CODE_SIGN_IDENTITY[sdk=iphoneos*]" = "iPhone Developer";
				COPY_PHASE_STRIP = NO;
				DEBUG_INFORMATION_FORMAT = dwarf;
				ENABLE_STRICT_OBJC_MSGSEND = YES;
				ENABLE_TESTABILITY = YES;
				GCC_C_LANGUAGE_STANDARD = gnu99;
				GCC_DYNAMIC_NO_PIC = NO;
				GCC_NO_COMMON_BLOCKS = YES;
				GCC_OPTIMIZATION_LEVEL = 0;
				GCC_PREPROCESSOR_DEFINITIONS = (
					"DEBUG=1",
					"$(inherited)",
				);
				GCC_WARN_64_TO_32_BIT_CONVERSION = YES;
				GCC_WARN_ABOUT_RETURN_TYPE = YES_ERROR;
				GCC_WARN_UNDECLARED_SELECTOR = YES;
				GCC_WARN_UNINITIALIZED_AUTOS = YES_AGGRESSIVE;
				GCC_WARN_UNUSED_FUNCTION = YES;
				GCC_WARN_UNUSED_VARIABLE = YES;
				IPHONEOS_DEPLOYMENT_TARGET = 8.0;
				MTL_ENABLE_DEBUG_INFO = YES;
				ONLY_ACTIVE_ARCH = YES;
				SDKROOT = iphoneos;
				TARGETED_DEVICE_FAMILY = "1,2";
			};
			name = Debug;
		};
		4E8674651D899E2B0059012C /* Release */ = {
			isa = XCBuildConfiguration;
			buildSettings = {
				ALWAYS_SEARCH_USER_PATHS = NO;
				CLANG_CXX_LANGUAGE_STANDARD = "gnu++0x";
				CLANG_CXX_LIBRARY = "libc++";
				CLANG_ENABLE_MODULES = YES;
				CLANG_ENABLE_OBJC_ARC = YES;
				CLANG_WARN_BOOL_CONVERSION = YES;
				CLANG_WARN_CONSTANT_CONVERSION = YES;
				CLANG_WARN_DIRECT_OBJC_ISA_USAGE = YES_ERROR;
				CLANG_WARN_EMPTY_BODY = YES;
				CLANG_WARN_ENUM_CONVERSION = YES;
				CLANG_WARN_INT_CONVERSION = YES;
				CLANG_WARN_OBJC_ROOT_CLASS = YES_ERROR;
				CLANG_WARN_UNREACHABLE_CODE = YES;
				CLANG_WARN__DUPLICATE_METHOD_MATCH = YES;
				"CODE_SIGN_IDENTITY[sdk=iphoneos*]" = "iPhone Developer";
				COPY_PHASE_STRIP = NO;
				DEBUG_INFORMATION_FORMAT = "dwarf-with-dsym";
				ENABLE_NS_ASSERTIONS = NO;
				ENABLE_STRICT_OBJC_MSGSEND = YES;
				GCC_C_LANGUAGE_STANDARD = gnu99;
				GCC_NO_COMMON_BLOCKS = YES;
				GCC_WARN_64_TO_32_BIT_CONVERSION = YES;
				GCC_WARN_ABOUT_RETURN_TYPE = YES_ERROR;
				GCC_WARN_UNDECLARED_SELECTOR = YES;
				GCC_WARN_UNINITIALIZED_AUTOS = YES_AGGRESSIVE;
				GCC_WARN_UNUSED_FUNCTION = YES;
				GCC_WARN_UNUSED_VARIABLE = YES;
				IPHONEOS_DEPLOYMENT_TARGET = 8.0;
				MTL_ENABLE_DEBUG_INFO = NO;
				SDKROOT = iphoneos;
				TARGETED_DEVICE_FAMILY = "1,2";
				VALIDATE_PRODUCT = YES;
			};
			name = Release;
		};
		4E8674671D899E2B0059012C /* Debug */ = {
			isa = XCBuildConfiguration;
			buildSettings = {
				ASSETCATALOG_COMPILER_APPICON_NAME = AppIcon;
				ASSETCATALOG_COMPILER_LAUNCHIMAGE_NAME = "Brand Assets";
				INFOPLIST_FILE = "仿写斗鱼直播/Info.plist";
				IPHONEOS_DEPLOYMENT_TARGET = 8.0;
				LD_RUNPATH_SEARCH_PATHS = "$(inherited) @executable_path/Frameworks";
				PRODUCT_BUNDLE_IDENTIFIER = "King-.------";
				PRODUCT_NAME = "$(TARGET_NAME)";
				TARGETED_DEVICE_FAMILY = "1,2";
			};
			name = Debug;
		};
		4E8674681D899E2B0059012C /* Release */ = {
			isa = XCBuildConfiguration;
			buildSettings = {
				ASSETCATALOG_COMPILER_APPICON_NAME = AppIcon;
				ASSETCATALOG_COMPILER_LAUNCHIMAGE_NAME = "Brand Assets";
				INFOPLIST_FILE = "仿写斗鱼直播/Info.plist";
				IPHONEOS_DEPLOYMENT_TARGET = 8.0;
				LD_RUNPATH_SEARCH_PATHS = "$(inherited) @executable_path/Frameworks";
				PRODUCT_BUNDLE_IDENTIFIER = "King-.------";
				PRODUCT_NAME = "$(TARGET_NAME)";
				TARGETED_DEVICE_FAMILY = "1,2";
			};
			name = Release;
		};
/* End XCBuildConfiguration section */

/* Begin XCConfigurationList section */
		4E86744A1D899E2B0059012C /* Build configuration list for PBXProject "仿写斗鱼直播" */ = {
			isa = XCConfigurationList;
			buildConfigurations = (
				4E8674641D899E2B0059012C /* Debug */,
				4E8674651D899E2B0059012C /* Release */,
			);
			defaultConfigurationIsVisible = 0;
			defaultConfigurationName = Release;
		};
		4E8674661D899E2B0059012C /* Build configuration list for PBXNativeTarget "仿写斗鱼直播" */ = {
			isa = XCConfigurationList;
			buildConfigurations = (
				4E8674671D899E2B0059012C /* Debug */,
				4E8674681D899E2B0059012C /* Release */,
			);
			defaultConfigurationIsVisible = 0;
			defaultConfigurationName = Release;
		};
/* End XCConfigurationList section */
	};
	rootObject = 4E8674471D899E2B0059012C /* Project object */;
}
